
Microsoft Visual Studio Solution File, Format Version 12.00
# Visual Studio Version 17
VisualStudioVersion = 17.0.31903.59
MinimumVisualStudioVersion = 10.0.40219.1
Project("{FAE04EC0-301F-11D3-BF4B-00C04F79EFBC}") = "budget-tracker1", "budget-tracker1\budget-tracker1.csproj", "{2C7D2464-367D-41C0-91B7-8EAFB208144B}"
EndProject
Global
	GlobalSection(SolutionConfigurationPlatforms) = preSolution
		Debug|Any CPU = Debug|Any CPU
		Release|Any CPU = Release|Any CPU
	EndGlobalSection
	GlobalSection(SolutionProperties) = preSolution
		HideSolutionNode = FALSE
	EndGlobalSection
	GlobalSection(ProjectConfigurationPlatforms) = postSolution
		{2C7D2464-367D-41C0-91B7-8EAFB208144B}.Debug|Any CPU.ActiveCfg = Debug|Any CPU
		{2C7D2464-367D-41C0-91B7-8EAFB208144B}.Debug|Any CPU.Build.0 = Debug|Any CPU
		{2C7D2464-367D-41C0-91B7-8EAFB208144B}.Release|Any CPU.ActiveCfg = Release|Any CPU
		{2C7D2464-367D-41C0-91B7-8EAFB208144B}.Release|Any CPU.Build.0 = Release|Any CPU
	EndGlobalSection
EndGlobal
